github.com/boulingua/kit v1.1.0 h1:ZS7UY22xVbrklth0rljvTcj+GtQIjhbJfVLeUvZoqP0=
github.com/boulingua/kit v1.1.0/go.mod h1:TPuFC8U8YxmCZeuCCusKG8ReGsdathn/Of0XjjDSr+w=
github.com/boulingua/kit v1.2.0 h1:CBc9PFfc+aO/Ngegfix/kb4iXnxmVKt1AAv7TRiG8iU=
github.com/boulingua/kit v1.2.0/go.mod h1:TPuFC8U8YxmCZeuCCusKG8ReGsdathn/Of0XjjDSr+w=
github.com/boulingua/kit v1.4.2 h1:54qUwnfs8RlpnDvHCbTxTERsqxdfP3gr1LdEeAi0Zrg=
github.com/boulingua/kit v1.4.2/go.mod h1:TPuFC8U8YxmCZeuCCusKG8ReGsdathn/Of0XjjDSr+w=
github.com/boulingua/kit v1.8.0 h1:x2CcFauOYnpWzVS2LNxlkfuLRN+32BCzPVp66bxeL84=
github.com/boulingua/kit v1.8.0/go.mod h1:TPuFC8U8YxmCZeuCCusKG8ReGsdathn/Of0XjjDSr+w=
github.com/boulingua/kit v1.8.1 h1:m7Iua5LF1jFmwMW81pwhVxMqnA+2JNuvVctVj12TA+A=
github.com/boulingua/kit v1.8.1/go.mod h1:TPuFC8U8YxmCZeuCCusKG8ReGsdathn/Of0XjjDSr+w=
github.com/luizdepra/hugo-coder v0.0.0-20260305123245-3d3bbd75d7bb h1:6xwlLvtPm7I6ngACdvWM477gfGyLylG/nU9+VVSMWrQ=
github.com/luizdepra/hugo-coder v0.0.0-20260305123245-3d3bbd75d7bb/go.mod h1:9EQBf2rU+NPjlohGuKcEgdqSeOc3tIQoOty4xPpuUQ4=
